
Microsoft Visual Studio Solution File, Format Version 12.00
# Visual Studio 15
VisualStudioVersion = 15.0.27703.2000
MinimumVisualStudioVersion = 10.0.40219.1
Project("{9A19103F-16F7-4668-BE54-9A1E7A4F7556}") = "FitTools.Importer", "src\FitTools.Importer\FitTools.Importer.csproj", "{332AC0E1-1D50-4143-B1E0-946B6788DA88}"
EndProject
Project("{9A19103F-16F7-4668-BE54-9A1E7A4F7556}") = "FitTools.Cleanup", "src\FitTools.Cleanup\FitTools.Cleanup.csproj", "{7D5ECAE2-C31D-4235-8702-7E2BE067A580}"
EndProject
Global
	GlobalSection(SolutionConfigurationPlatforms) = preSolution
		Debug|Any CPU = Debug|Any CPU
		Release|Any CPU = Release|Any CPU
	EndGlobalSection
	GlobalSection(ProjectConfigurationPlatforms) = postSolution
		{332AC0E1-1D50-4143-B1E0-946B6788DA88}.Debug|Any CPU.ActiveCfg = Debug|Any CPU
		{332AC0E1-1D50-4143-B1E0-946B6788DA88}.Debug|Any CPU.Build.0 = Debug|Any CPU
		{332AC0E1-1D50-4143-B1E0-946B6788DA88}.Release|Any CPU.ActiveCfg = Release|Any CPU
		{332AC0E1-1D50-4143-B1E0-946B6788DA88}.Release|Any CPU.Build.0 = Release|Any CPU
		{7D5ECAE2-C31D-4235-8702-7E2BE067A580}.Debug|Any CPU.ActiveCfg = Debug|Any CPU
		{7D5ECAE2-C31D-4235-8702-7E2BE067A580}.Debug|Any CPU.Build.0 = Debug|Any CPU
		{7D5ECAE2-C31D-4235-8702-7E2BE067A580}.Release|Any CPU.ActiveCfg = Release|Any CPU
		{7D5ECAE2-C31D-4235-8702-7E2BE067A580}.Release|Any CPU.Build.0 = Release|Any CPU
	EndGlobalSection
	GlobalSection(SolutionProperties) = preSolution
		HideSolutionNode = FALSE
	EndGlobalSection
	GlobalSection(ExtensibilityGlobals) = postSolution
		SolutionGuid = {EC06605A-F6AF-4231-91AC-AB2654D466CA}
	EndGlobalSection
EndGlobal
